
Microsoft Visual Studio Solution File, Format Version 12.00
# Visual Studio Version 17
VisualStudioVersion = 17.6.33815.320
MinimumVisualStudioVersion = 10.0.40219.1
Project("{FAE04EC0-301F-11D3-BF4B-00C04F79EFBC}") = "IDS345DeadAntsAlgorithm", "IDS345DeadAntsAlgorithm.csproj", "{D57E53A2-6F88-4F51-92B5-97F8B763141F}"
EndProject
Global
	GlobalSection(SolutionConfigurationPlatforms) = preSolution
		Debug|Any CPU = Debug|Any CPU
		Release|Any CPU = Release|Any CPU
	EndGlobalSection
	GlobalSection(ProjectConfigurationPlatforms) = postSolution
		{D57E53A2-6F88-4F51-92B5-97F8B763141F}.Debug|Any CPU.ActiveCfg = Debug|Any CPU
		{D57E53A2-6F88-4F51-92B5-97F8B763141F}.Debug|Any CPU.Build.0 = Debug|Any CPU
		{D57E53A2-6F88-4F51-92B5-97F8B763141F}.Release|Any CPU.ActiveCfg = Release|Any CPU
		{D57E53A2-6F88-4F51-92B5-97F8B763141F}.Release|Any CPU.Build.0 = Release|Any CPU
	EndGlobalSection
	GlobalSection(SolutionProperties) = preSolution
		HideSolutionNode = FALSE
	EndGlobalSection
	GlobalSection(ExtensibilityGlobals) = postSolution
		SolutionGuid = {DA53CECF-0596-446C-BF54-FD153FA513CA}
	EndGlobalSection
EndGlobal
